
Microsoft Visual Studio Solution File, Format Version 12.00
# Visual Studio 2012
Project("{FAE04EC0-301F-11D3-BF4B-00C04F79EFBC}") = "Kernel", "Kernel\Kernel.csproj", "{8898D7C9-1A18-475C-8CB6-CAD0C9B59D0B}"
EndProject
Project("{FAE04EC0-301F-11D3-BF4B-00C04F79EFBC}") = "testMindFusion", "testMindFusion\testMindFusion.csproj", "{1E11B367-BAAF-4997-95B9-6AAF4B8F57CD}"
EndProject
Project("{FAE04EC0-301F-11D3-BF4B-00C04F79EFBC}") = "Consulting", "Consulting\Consulting.csproj", "{A47BC7C7-FF04-4D07-B7C4-AC5AB2FDFFF9}"
EndProject
Project("{FAE04EC0-301F-11D3-BF4B-00C04F79EFBC}") = "ConsultingWindow", "ConsultingWindow\ConsultingWindow.csproj", "{A41C117A-8CFC-4904-A26E-CF130EF5696D}"
EndProject
Project("{FAE04EC0-301F-11D3-BF4B-00C04F79EFBC}") = "KnowledgeAcquisitionComponent", "KnowledgeAcquisitionComponent\KnowledgeAcquisitionComponent.csproj", "{E0170101-45AF-4436-8267-DE6F0213CAB1}"
EndProject
Project("{FAE04EC0-301F-11D3-BF4B-00C04F79EFBC}") = "SynonymEditor", "SynonymEditor\SynonymEditor.csproj", "{A7941E9B-797A-46D3-9BA7-08B0B6052BF7}"
EndProject
Global
	GlobalSection(SolutionConfigurationPlatforms) = preSolution
		Debug|Any CPU = Debug|Any CPU
		Release|Any CPU = Release|Any CPU
	EndGlobalSection
	GlobalSection(ProjectConfigurationPlatforms) = postSolution
		{8898D7C9-1A18-475C-8CB6-CAD0C9B59D0B}.Debug|Any CPU.ActiveCfg = Debug|Any CPU
		{8898D7C9-1A18-475C-8CB6-CAD0C9B59D0B}.Debug|Any CPU.Build.0 = Debug|Any CPU
		{8898D7C9-1A18-475C-8CB6-CAD0C9B59D0B}.Release|Any CPU.ActiveCfg = Release|Any CPU
		{8898D7C9-1A18-475C-8CB6-CAD0C9B59D0B}.Release|Any CPU.Build.0 = Release|Any CPU
		{1E11B367-BAAF-4997-95B9-6AAF4B8F57CD}.Debug|Any CPU.ActiveCfg = Debug|Any CPU
		{1E11B367-BAAF-4997-95B9-6AAF4B8F57CD}.Debug|Any CPU.Build.0 = Debug|Any CPU
		{1E11B367-BAAF-4997-95B9-6AAF4B8F57CD}.Release|Any CPU.ActiveCfg = Release|Any CPU
		{1E11B367-BAAF-4997-95B9-6AAF4B8F57CD}.Release|Any CPU.Build.0 = Release|Any CPU
		{A47BC7C7-FF04-4D07-B7C4-AC5AB2FDFFF9}.Debug|Any CPU.ActiveCfg = Debug|Any CPU
		{A47BC7C7-FF04-4D07-B7C4-AC5AB2FDFFF9}.Debug|Any CPU.Build.0 = Debug|Any CPU
		{A47BC7C7-FF04-4D07-B7C4-AC5AB2FDFFF9}.Release|Any CPU.ActiveCfg = Release|Any CPU
		{A47BC7C7-FF04-4D07-B7C4-AC5AB2FDFFF9}.Release|Any CPU.Build.0 = Release|Any CPU
		{A41C117A-8CFC-4904-A26E-CF130EF5696D}.Debug|Any CPU.ActiveCfg = Debug|Any CPU
		{A41C117A-8CFC-4904-A26E-CF130EF5696D}.Debug|Any CPU.Build.0 = Debug|Any CPU
		{A41C117A-8CFC-4904-A26E-CF130EF5696D}.Release|Any CPU.ActiveCfg = Release|Any CPU
		{A41C117A-8CFC-4904-A26E-CF130EF5696D}.Release|Any CPU.Build.0 = Release|Any CPU
		{E0170101-45AF-4436-8267-DE6F0213CAB1}.Debug|Any CPU.ActiveCfg = Debug|Any CPU
		{E0170101-45AF-4436-8267-DE6F0213CAB1}.Debug|Any CPU.Build.0 = Debug|Any CPU
		{E0170101-45AF-4436-8267-DE6F0213CAB1}.Release|Any CPU.ActiveCfg = Release|Any CPU
		{E0170101-45AF-4436-8267-DE6F0213CAB1}.Release|Any CPU.Build.0 = Release|Any CPU
		{A7941E9B-797A-46D3-9BA7-08B0B6052BF7}.Debug|Any CPU.ActiveCfg = Debug|Any CPU
		{A7941E9B-797A-46D3-9BA7-08B0B6052BF7}.Debug|Any CPU.Build.0 = Debug|Any CPU
		{A7941E9B-797A-46D3-9BA7-08B0B6052BF7}.Release|Any CPU.ActiveCfg = Release|Any CPU
		{A7941E9B-797A-46D3-9BA7-08B0B6052BF7}.Release|Any CPU.Build.0 = Release|Any CPU
	EndGlobalSection
	GlobalSection(SolutionProperties) = preSolution
		HideSolutionNode = FALSE
	EndGlobalSection
EndGlobal
